
Microsoft Visual Studio Solution File, Format Version 12.00
# Visual Studio Version 17
VisualStudioVersion = 17.10.34928.147
MinimumVisualStudioVersion = 10.0.40219.1
Project("{8BC9CEB8-8B4A-11D0-8D11-00A0C91BC942}") = "2024_6_11.cpp", "2024_6_11.cpp\2024_6_11.cpp.vcxproj", "{9DE2F3E3-CF06-4D2D-B62F-1123C3329164}"
EndProject
Global
	GlobalSection(SolutionConfigurationPlatforms) = preSolution
		Debug|x64 = Debug|x64
		Debug|x86 = Debug|x86
		Release|x64 = Release|x64
		Release|x86 = Release|x86
	EndGlobalSection
	GlobalSection(ProjectConfigurationPlatforms) = postSolution
		{9DE2F3E3-CF06-4D2D-B62F-1123C3329164}.Debug|x64.ActiveCfg = Debug|x64
		{9DE2F3E3-CF06-4D2D-B62F-1123C3329164}.Debug|x64.Build.0 = Debug|x64
		{9DE2F3E3-CF06-4D2D-B62F-1123C3329164}.Debug|x86.ActiveCfg = Debug|Win32
		{9DE2F3E3-CF06-4D2D-B62F-1123C3329164}.Debug|x86.Build.0 = Debug|Win32
		{9DE2F3E3-CF06-4D2D-B62F-1123C3329164}.Release|x64.ActiveCfg = Release|x64
		{9DE2F3E3-CF06-4D2D-B62F-1123C3329164}.Release|x64.Build.0 = Release|x64
		{9DE2F3E3-CF06-4D2D-B62F-1123C3329164}.Release|x86.ActiveCfg = Release|Win32
		{9DE2F3E3-CF06-4D2D-B62F-1123C3329164}.Release|x86.Build.0 = Release|Win32
	EndGlobalSection
	GlobalSection(SolutionProperties) = preSolution
		HideSolutionNode = FALSE
	EndGlobalSection
	GlobalSection(ExtensibilityGlobals) = postSolution
		SolutionGuid = {80E32F43-0A7C-48A5-94D0-EBD43CDA9E8E}
	EndGlobalSection
EndGlobal
